
Microsoft Visual Studio Solution File, Format Version 12.00
# Visual Studio Version 17
VisualStudioVersion = 17.6.33815.320
MinimumVisualStudioVersion = 10.0.40219.1
Project("{FAE04EC0-301F-11D3-BF4B-00C04F79EFBC}") = "UiComponent1", "UiComponent1.csproj", "{98328A43-90D5-432C-9059-9CA53BFAC5C3}"
EndProject
Global
	GlobalSection(SolutionConfigurationPlatforms) = preSolution
		Debug|Any CPU = Debug|Any CPU
		Release|Any CPU = Release|Any CPU
	EndGlobalSection
	GlobalSection(ProjectConfigurationPlatforms) = postSolution
		{98328A43-90D5-432C-9059-9CA53BFAC5C3}.Debug|Any CPU.ActiveCfg = Debug|Any CPU
		{98328A43-90D5-432C-9059-9CA53BFAC5C3}.Debug|Any CPU.Build.0 = Debug|Any CPU
		{98328A43-90D5-432C-9059-9CA53BFAC5C3}.Release|Any CPU.ActiveCfg = Release|Any CPU
		{98328A43-90D5-432C-9059-9CA53BFAC5C3}.Release|Any CPU.Build.0 = Release|Any CPU
	EndGlobalSection
	GlobalSection(SolutionProperties) = preSolution
		HideSolutionNode = FALSE
	EndGlobalSection
	GlobalSection(ExtensibilityGlobals) = postSolution
		SolutionGuid = {8EA5FE84-9182-44CE-B736-A237834D02A0}
	EndGlobalSection
EndGlobal
